
Microsoft Visual Studio Solution File, Format Version 12.00
# Visual Studio Version 17
VisualStudioVersion = 17.11.35312.102
MinimumVisualStudioVersion = 10.0.40219.1
Project("{9A19103F-16F7-4668-BE54-9A1E7A4F7556}") = "fixflow", "fixflow\fixflow.csproj", "{9D554896-678D-4291-AF8D-6C2710231176}"
EndProject
Project("{FAE04EC0-301F-11D3-BF4B-00C04F79EFBC}") = "fixflow-api", "fixflow-api\fixflow-api.csproj", "{C9E37C0A-258C-4CF9-B35C-F48E9DE01C8D}"
EndProject
Project("{FAE04EC0-301F-11D3-BF4B-00C04F79EFBC}") = "updater", "updater\updater.csproj", "{D767FB49-97E5-42CC-A3E4-7C74FB633965}"
EndProject
Global
	GlobalSection(SolutionConfigurationPlatforms) = preSolution
		Debug|Any CPU = Debug|Any CPU
		Release|Any CPU = Release|Any CPU
	EndGlobalSection
	GlobalSection(ProjectConfigurationPlatforms) = postSolution
		{9D554896-678D-4291-AF8D-6C2710231176}.Debug|Any CPU.ActiveCfg = Debug|Any CPU
		{9D554896-678D-4291-AF8D-6C2710231176}.Debug|Any CPU.Build.0 = Debug|Any CPU
		{9D554896-678D-4291-AF8D-6C2710231176}.Release|Any CPU.ActiveCfg = Release|Any CPU
		{9D554896-678D-4291-AF8D-6C2710231176}.Release|Any CPU.Build.0 = Release|Any CPU
		{C9E37C0A-258C-4CF9-B35C-F48E9DE01C8D}.Debug|Any CPU.ActiveCfg = Debug|Any CPU
		{C9E37C0A-258C-4CF9-B35C-F48E9DE01C8D}.Debug|Any CPU.Build.0 = Debug|Any CPU
		{C9E37C0A-258C-4CF9-B35C-F48E9DE01C8D}.Release|Any CPU.ActiveCfg = Release|Any CPU
		{C9E37C0A-258C-4CF9-B35C-F48E9DE01C8D}.Release|Any CPU.Build.0 = Release|Any CPU
		{D767FB49-97E5-42CC-A3E4-7C74FB633965}.Debug|Any CPU.ActiveCfg = Debug|Any CPU
		{D767FB49-97E5-42CC-A3E4-7C74FB633965}.Debug|Any CPU.Build.0 = Debug|Any CPU
		{D767FB49-97E5-42CC-A3E4-7C74FB633965}.Release|Any CPU.ActiveCfg = Release|Any CPU
		{D767FB49-97E5-42CC-A3E4-7C74FB633965}.Release|Any CPU.Build.0 = Release|Any CPU
	EndGlobalSection
	GlobalSection(SolutionProperties) = preSolution
		HideSolutionNode = FALSE
	EndGlobalSection
	GlobalSection(ExtensibilityGlobals) = postSolution
		SolutionGuid = {F3F2E2A4-0D63-48E9-92B9-027B126E4A72}
	EndGlobalSection
EndGlobal
